
Microsoft Visual Studio Solution File, Format Version 12.00
# Visual Studio Version 16
VisualStudioVersion = 16.0.29728.190
MinimumVisualStudioVersion = 10.0.40219.1
Project("{FAE04EC0-301F-11D3-BF4B-00C04F79EFBC}") = "ContactsApp2.Android", "ContactsApp2\ContactsApp2.Android\ContactsApp2.Android.csproj", "{FA2B21A3-DB16-4280-85D6-0C28757077EF}"
EndProject
Project("{FAE04EC0-301F-11D3-BF4B-00C04F79EFBC}") = "ContactsApp2.iOS", "ContactsApp2\ContactsApp2.iOS\ContactsApp2.iOS.csproj", "{5EC95E27-6315-4F2A-B910-B70A474972A8}"
EndProject
Project("{FAE04EC0-301F-11D3-BF4B-00C04F79EFBC}") = "ContactsApp2", "ContactsApp2\ContactsApp2\ContactsApp2.csproj", "{ABE0087A-6EEF-422F-AFB3-692347F8D226}"
EndProject
Global
	GlobalSection(SolutionConfigurationPlatforms) = preSolution
		Debug|Any CPU = Debug|Any CPU
		Debug|iPhone = Debug|iPhone
		Debug|iPhoneSimulator = Debug|iPhoneSimulator
		Release|Any CPU = Release|Any CPU
		Release|iPhone = Release|iPhone
		Release|iPhoneSimulator = Release|iPhoneSimulator
	EndGlobalSection
	GlobalSection(ProjectConfigurationPlatforms) = postSolution
		{FA2B21A3-DB16-4280-85D6-0C28757077EF}.Debug|Any CPU.ActiveCfg = Debug|Any CPU
		{FA2B21A3-DB16-4280-85D6-0C28757077EF}.Debug|Any CPU.Build.0 = Debug|Any CPU
		{FA2B21A3-DB16-4280-85D6-0C28757077EF}.Debug|Any CPU.Deploy.0 = Debug|Any CPU
		{FA2B21A3-DB16-4280-85D6-0C28757077EF}.Debug|iPhone.ActiveCfg = Debug|Any CPU
		{FA2B21A3-DB16-4280-85D6-0C28757077EF}.Debug|iPhone.Build.0 = Debug|Any CPU
		{FA2B21A3-DB16-4280-85D6-0C28757077EF}.Debug|iPhone.Deploy.0 = Debug|Any CPU
		{FA2B21A3-DB16-4280-85D6-0C28757077EF}.Debug|iPhoneSimulator.ActiveCfg = Debug|Any CPU
		{FA2B21A3-DB16-4280-85D6-0C28757077EF}.Debug|iPhoneSimulator.Build.0 = Debug|Any CPU
		{FA2B21A3-DB16-4280-85D6-0C28757077EF}.Debug|iPhoneSimulator.Deploy.0 = Debug|Any CPU
		{FA2B21A3-DB16-4280-85D6-0C28757077EF}.Release|Any CPU.ActiveCfg = Release|Any CPU
		{FA2B21A3-DB16-4280-85D6-0C28757077EF}.Release|Any CPU.Build.0 = Release|Any CPU
		{FA2B21A3-DB16-4280-85D6-0C28757077EF}.Release|Any CPU.Deploy.0 = Release|Any CPU
		{FA2B21A3-DB16-4280-85D6-0C28757077EF}.Release|iPhone.ActiveCfg = Release|Any CPU
		{FA2B21A3-DB16-4280-85D6-0C28757077EF}.Release|iPhone.Build.0 = Release|Any CPU
		{FA2B21A3-DB16-4280-85D6-0C28757077EF}.Release|iPhone.Deploy.0 = Release|Any CPU
		{FA2B21A3-DB16-4280-85D6-0C28757077EF}.Release|iPhoneSimulator.ActiveCfg = Release|Any CPU
		{FA2B21A3-DB16-4280-85D6-0C28757077EF}.Release|iPhoneSimulator.Build.0 = Release|Any CPU
		{FA2B21A3-DB16-4280-85D6-0C28757077EF}.Release|iPhoneSimulator.Deploy.0 = Release|Any CPU
		{5EC95E27-6315-4F2A-B910-B70A474972A8}.Debug|Any CPU.ActiveCfg = Debug|iPhoneSimulator
		{5EC95E27-6315-4F2A-B910-B70A474972A8}.Debug|Any CPU.Build.0 = Debug|iPhoneSimulator
		{5EC95E27-6315-4F2A-B910-B70A474972A8}.Debug|Any CPU.Deploy.0 = Debug|iPhoneSimulator
		{5EC95E27-6315-4F2A-B910-B70A474972A8}.Debug|iPhone.ActiveCfg = Debug|iPhone
		{5EC95E27-6315-4F2A-B910-B70A474972A8}.Debug|iPhone.Build.0 = Debug|iPhone
		{5EC95E27-6315-4F2A-B910-B70A474972A8}.Debug|iPhone.Deploy.0 = Debug|iPhone
		{5EC95E27-6315-4F2A-B910-B70A474972A8}.Debug|iPhoneSimulator.ActiveCfg = Debug|iPhoneSimulator
		{5EC95E27-6315-4F2A-B910-B70A474972A8}.Debug|iPhoneSimulator.Build.0 = Debug|iPhoneSimulator
		{5EC95E27-6315-4F2A-B910-B70A474972A8}.Debug|iPhoneSimulator.Deploy.0 = Debug|iPhoneSimulator
		{5EC95E27-6315-4F2A-B910-B70A474972A8}.Release|Any CPU.ActiveCfg = Release|iPhone
		{5EC95E27-6315-4F2A-B910-B70A474972A8}.Release|Any CPU.Build.0 = Release|iPhone
		{5EC95E27-6315-4F2A-B910-B70A474972A8}.Release|Any CPU.Deploy.0 = Release|iPhone
		{5EC95E27-6315-4F2A-B910-B70A474972A8}.Release|iPhone.ActiveCfg = Release|iPhone
		{5EC95E27-6315-4F2A-B910-B70A474972A8}.Release|iPhone.Build.0 = Release|iPhone
		{5EC95E27-6315-4F2A-B910-B70A474972A8}.Release|iPhone.Deploy.0 = Release|iPhone
		{5EC95E27-6315-4F2A-B910-B70A474972A8}.Release|iPhoneSimulator.ActiveCfg = Release|iPhoneSimulator
		{5EC95E27-6315-4F2A-B910-B70A474972A8}.Release|iPhoneSimulator.Build.0 = Release|iPhoneSimulator
		{5EC95E27-6315-4F2A-B910-B70A474972A8}.Release|iPhoneSimulator.Deploy.0 = Release|iPhoneSimulator
		{ABE0087A-6EEF-422F-AFB3-692347F8D226}.Debug|Any CPU.ActiveCfg = Debug|Any CPU
		{ABE0087A-6EEF-422F-AFB3-692347F8D226}.Debug|Any CPU.Build.0 = Debug|Any CPU
		{ABE0087A-6EEF-422F-AFB3-692347F8D226}.Debug|Any CPU.Deploy.0 = Debug|Any CPU
		{ABE0087A-6EEF-422F-AFB3-692347F8D226}.Debug|iPhone.ActiveCfg = Debug|Any CPU
		{ABE0087A-6EEF-422F-AFB3-692347F8D226}.Debug|iPhone.Build.0 = Debug|Any CPU
		{ABE0087A-6EEF-422F-AFB3-692347F8D226}.Debug|iPhone.Deploy.0 = Debug|Any CPU
		{ABE0087A-6EEF-422F-AFB3-692347F8D226}.Debug|iPhoneSimulator.ActiveCfg = Debug|Any CPU
		{ABE0087A-6EEF-422F-AFB3-692347F8D226}.Debug|iPhoneSimulator.Build.0 = Debug|Any CPU
		{ABE0087A-6EEF-422F-AFB3-692347F8D226}.Debug|iPhoneSimulator.Deploy.0 = Debug|Any CPU
		{ABE0087A-6EEF-422F-AFB3-692347F8D226}.Release|Any CPU.ActiveCfg = Release|Any CPU
		{ABE0087A-6EEF-422F-AFB3-692347F8D226}.Release|Any CPU.Build.0 = Release|Any CPU
		{ABE0087A-6EEF-422F-AFB3-692347F8D226}.Release|Any CPU.Deploy.0 = Release|Any CPU
		{ABE0087A-6EEF-422F-AFB3-692347F8D226}.Release|iPhone.ActiveCfg = Release|Any CPU
		{ABE0087A-6EEF-422F-AFB3-692347F8D226}.Release|iPhone.Build.0 = Release|Any CPU
		{ABE0087A-6EEF-422F-AFB3-692347F8D226}.Release|iPhone.Deploy.0 = Release|Any CPU
		{ABE0087A-6EEF-422F-AFB3-692347F8D226}.Release|iPhoneSimulator.ActiveCfg = Release|Any CPU
		{ABE0087A-6EEF-422F-AFB3-692347F8D226}.Release|iPhoneSimulator.Build.0 = Release|Any CPU
		{ABE0087A-6EEF-422F-AFB3-692347F8D226}.Release|iPhoneSimulator.Deploy.0 = Release|Any CPU
	EndGlobalSection
	GlobalSection(SolutionProperties) = preSolution
		HideSolutionNode = FALSE
	EndGlobalSection
	GlobalSection(ExtensibilityGlobals) = postSolution
		SolutionGuid = {C202256B-24FD-487A-B9FA-8F2686672D5A}
	EndGlobalSection
EndGlobal
